Microsoft Visual Studio Solution File, Format Version 8.00
Project("{8BC9CEB8-8B4A-11D0-8D11-00A0C91BC942}") = "MagicKD", "MagicKD.vcproj", "{192342B2-0496-4F02-AA80-C0A92F7F068D}"
	ProjectSection(ProjectDependencies) = postProject
		{7AC8821E-8295-401F-83D4-F099A5668C04} = {7AC8821E-8295-401F-83D4-F099A5668C04}
	EndProjectSection
EndProject
Project("{8BC9CEB8-8B4A-11D0-8D11-00A0C91BC942}") = "KDDll", "KDDll\KDDll.vcproj", "{7AC8821E-8295-401F-83D4-F099A5668C04}"
	ProjectSection(ProjectDependencies) = postProject
	EndProjectSection
EndProject
Global
	GlobalSection(SolutionConfiguration) = preSolution
		Debug = Debug
		Debug Static = Debug Static
		Release = Release
		Release Static = Release Static
	EndGlobalSection
	GlobalSection(ProjectConfiguration) = postSolution
		{192342B2-0496-4F02-AA80-C0A92F7F068D}.Debug.ActiveCfg = Debug|Win32
		{192342B2-0496-4F02-AA80-C0A92F7F068D}.Debug.Build.0 = Debug|Win32
		{192342B2-0496-4F02-AA80-C0A92F7F068D}.Debug Static.ActiveCfg = Debug|Win32
		{192342B2-0496-4F02-AA80-C0A92F7F068D}.Debug Static.Build.0 = Debug|Win32
		{192342B2-0496-4F02-AA80-C0A92F7F068D}.Release.ActiveCfg = Release|Win32
		{192342B2-0496-4F02-AA80-C0A92F7F068D}.Release.Build.0 = Release|Win32
		{192342B2-0496-4F02-AA80-C0A92F7F068D}.Release Static.ActiveCfg = Release|Win32
		{192342B2-0496-4F02-AA80-C0A92F7F068D}.Release Static.Build.0 = Release|Win32
		{7AC8821E-8295-401F-83D4-F099A5668C04}.Debug.ActiveCfg = Debug|Win32
		{7AC8821E-8295-401F-83D4-F099A5668C04}.Debug.Build.0 = Debug|Win32
		{7AC8821E-8295-401F-83D4-F099A5668C04}.Debug Static.ActiveCfg = Debug Static|Win32
		{7AC8821E-8295-401F-83D4-F099A5668C04}.Debug Static.Build.0 = Debug Static|Win32
		{7AC8821E-8295-401F-83D4-F099A5668C04}.Release.ActiveCfg = Release|Win32
		{7AC8821E-8295-401F-83D4-F099A5668C04}.Release.Build.0 = Release|Win32
		{7AC8821E-8295-401F-83D4-F099A5668C04}.Release Static.ActiveCfg = Release Static|Win32
		{7AC8821E-8295-401F-83D4-F099A5668C04}.Release Static.Build.0 = Release Static|Win32
	EndGlobalSection
	GlobalSection(ExtensibilityGlobals) = postSolution
	EndGlobalSection
	GlobalSection(ExtensibilityAddIns) = postSolution
	EndGlobalSection
EndGlobal
