Microsoft Visual Studio Solution File, Format Version 8.00
Project("{8BC9CEB8-8B4A-11D0-8D11-00A0C91BC942}") = "CxImage", "cximage\cximage.vcproj", "{3C5D5D12-45C5-4F29-B695-A5435BEBB404}"
	ProjectSection(ProjectDependencies) = postProject
	EndProjectSection
EndProject
Project("{8BC9CEB8-8B4A-11D0-8D11-00A0C91BC942}") = "CxImageCrtDll", "CxImage\CxImageDLL\CxImageCrtDll.vcproj", "{5B433B5D-B37E-43D5-9172-1104A11577A9}"
	ProjectSection(ProjectDependencies) = postProject
		{0583E915-3605-4183-8FB1-B07D019CF86B} = {0583E915-3605-4183-8FB1-B07D019CF86B}
		{9F68BB3D-8D96-4B1B-B306-C3643BCCF832} = {9F68BB3D-8D96-4B1B-B306-C3643BCCF832}
		{91F5A961-4CBA-4396-8B56-C4C23129B0AF} = {91F5A961-4CBA-4396-8B56-C4C23129B0AF}
		{7F400769-5291-469C-96F9-D77CC7F5AAAD} = {7F400769-5291-469C-96F9-D77CC7F5AAAD}
		{AE957788-6000-46AD-A2D0-6A195CB40206} = {AE957788-6000-46AD-A2D0-6A195CB40206}
		{0DBDF8CD-317B-4276-972C-F4C6213B7EFC} = {0DBDF8CD-317B-4276-972C-F4C6213B7EFC}
		{1B6CA6DD-470B-447E-BD88-ED43F9392A4F} = {1B6CA6DD-470B-447E-BD88-ED43F9392A4F}
	EndProjectSection
EndProject
Project("{8BC9CEB8-8B4A-11D0-8D11-00A0C91BC942}") = "CxImageMfcDll", "CxImage\CxImageDLL\cximagemfcdll.vcproj", "{01E38C09-06C1-428F-819A-55C95758325F}"
	ProjectSection(ProjectDependencies) = postProject
		{0583E915-3605-4183-8FB1-B07D019CF86B} = {0583E915-3605-4183-8FB1-B07D019CF86B}
		{9F68BB3D-8D96-4B1B-B306-C3643BCCF832} = {9F68BB3D-8D96-4B1B-B306-C3643BCCF832}
		{91F5A961-4CBA-4396-8B56-C4C23129B0AF} = {91F5A961-4CBA-4396-8B56-C4C23129B0AF}
		{7F400769-5291-469C-96F9-D77CC7F5AAAD} = {7F400769-5291-469C-96F9-D77CC7F5AAAD}
		{AE957788-6000-46AD-A2D0-6A195CB40206} = {AE957788-6000-46AD-A2D0-6A195CB40206}
		{0DBDF8CD-317B-4276-972C-F4C6213B7EFC} = {0DBDF8CD-317B-4276-972C-F4C6213B7EFC}
		{1B6CA6DD-470B-447E-BD88-ED43F9392A4F} = {1B6CA6DD-470B-447E-BD88-ED43F9392A4F}
	EndProjectSection
EndProject
Project("{8BC9CEB8-8B4A-11D0-8D11-00A0C91BC942}") = "demo", "demo\demo.vcproj", "{118C0047-C6AC-419C-A02A-CBC425C32DF8}"
	ProjectSection(ProjectDependencies) = postProject
		{3C5D5D12-45C5-4F29-B695-A5435BEBB404} = {3C5D5D12-45C5-4F29-B695-A5435BEBB404}
		{0583E915-3605-4183-8FB1-B07D019CF86B} = {0583E915-3605-4183-8FB1-B07D019CF86B}
		{9F68BB3D-8D96-4B1B-B306-C3643BCCF832} = {9F68BB3D-8D96-4B1B-B306-C3643BCCF832}
		{91F5A961-4CBA-4396-8B56-C4C23129B0AF} = {91F5A961-4CBA-4396-8B56-C4C23129B0AF}
		{7F400769-5291-469C-96F9-D77CC7F5AAAD} = {7F400769-5291-469C-96F9-D77CC7F5AAAD}
		{AE957788-6000-46AD-A2D0-6A195CB40206} = {AE957788-6000-46AD-A2D0-6A195CB40206}
		{0DBDF8CD-317B-4276-972C-F4C6213B7EFC} = {0DBDF8CD-317B-4276-972C-F4C6213B7EFC}
		{1B6CA6DD-470B-447E-BD88-ED43F9392A4F} = {1B6CA6DD-470B-447E-BD88-ED43F9392A4F}
	EndProjectSection
EndProject
Project("{8BC9CEB8-8B4A-11D0-8D11-00A0C91BC942}") = "demoDll", "demo\demoDLL.vcproj", "{E4EAF386-BD64-4CD7-B778-F46FC3F9537B}"
	ProjectSection(ProjectDependencies) = postProject
		{5B433B5D-B37E-43D5-9172-1104A11577A9} = {5B433B5D-B37E-43D5-9172-1104A11577A9}
	EndProjectSection
EndProject
Project("{8BC9CEB8-8B4A-11D0-8D11-00A0C91BC942}") = "j2k", "j2k\j2k.vcproj", "{AE957788-6000-46AD-A2D0-6A195CB40206}"
	ProjectSection(ProjectDependencies) = postProject
	EndProjectSection
EndProject
Project("{8BC9CEB8-8B4A-11D0-8D11-00A0C91BC942}") = "jasper", "jasper\jasper.vcproj", "{0DBDF8CD-317B-4276-972C-F4C6213B7EFC}"
	ProjectSection(ProjectDependencies) = postProject
	EndProjectSection
EndProject
Project("{8BC9CEB8-8B4A-11D0-8D11-00A0C91BC942}") = "jbig", "jbig\jbig.vcproj", "{1B6CA6DD-470B-447E-BD88-ED43F9392A4F}"
	ProjectSection(ProjectDependencies) = postProject
	EndProjectSection
EndProject
Project("{8BC9CEB8-8B4A-11D0-8D11-00A0C91BC942}") = "jpeg", "jpeg\Jpeg.vcproj", "{9F68BB3D-8D96-4B1B-B306-C3643BCCF832}"
	ProjectSection(ProjectDependencies) = postProject
	EndProjectSection
EndProject
Project("{8BC9CEB8-8B4A-11D0-8D11-00A0C91BC942}") = "png", "png\png.vcproj", "{0583E915-3605-4183-8FB1-B07D019CF86B}"
	ProjectSection(ProjectDependencies) = postProject
	EndProjectSection
EndProject
Project("{8BC9CEB8-8B4A-11D0-8D11-00A0C91BC942}") = "tiff", "tiff\Tiff.vcproj", "{91F5A961-4CBA-4396-8B56-C4C23129B0AF}"
	ProjectSection(ProjectDependencies) = postProject
	EndProjectSection
EndProject
Project("{8BC9CEB8-8B4A-11D0-8D11-00A0C91BC942}") = "zlib", "zlib\zlib.vcproj", "{7F400769-5291-469C-96F9-D77CC7F5AAAD}"
	ProjectSection(ProjectDependencies) = postProject
	EndProjectSection
EndProject
Global
	GlobalSection(SolutionConfiguration) = preSolution
		Debug = Debug
		Release = Release
		ReleaseSSE2 = ReleaseSSE2
	EndGlobalSection
	GlobalSection(ProjectConfiguration) = postSolution
		{3C5D5D12-45C5-4F29-B695-A5435BEBB404}.Debug.ActiveCfg = Debug|Win32
		{3C5D5D12-45C5-4F29-B695-A5435BEBB404}.Debug.Build.0 = Debug|Win32
		{3C5D5D12-45C5-4F29-B695-A5435BEBB404}.Release.ActiveCfg = Release|Win32
		{3C5D5D12-45C5-4F29-B695-A5435BEBB404}.Release.Build.0 = Release|Win32
		{3C5D5D12-45C5-4F29-B695-A5435BEBB404}.ReleaseSSE2.ActiveCfg = ReleaseSSE2|Win32
		{3C5D5D12-45C5-4F29-B695-A5435BEBB404}.ReleaseSSE2.Build.0 = ReleaseSSE2|Win32
		{5B433B5D-B37E-43D5-9172-1104A11577A9}.Debug.ActiveCfg = Debug|Win32
		{5B433B5D-B37E-43D5-9172-1104A11577A9}.Release.ActiveCfg = Release|Win32
		{5B433B5D-B37E-43D5-9172-1104A11577A9}.ReleaseSSE2.ActiveCfg = ReleaseSSE2|Win32
		{01E38C09-06C1-428F-819A-55C95758325F}.Debug.ActiveCfg = Debug|Win32
		{01E38C09-06C1-428F-819A-55C95758325F}.Release.ActiveCfg = Release|Win32
		{01E38C09-06C1-428F-819A-55C95758325F}.ReleaseSSE2.ActiveCfg = ReleaseSSE2|Win32
		{118C0047-C6AC-419C-A02A-CBC425C32DF8}.Debug.ActiveCfg = Debug|Win32
		{118C0047-C6AC-419C-A02A-CBC425C32DF8}.Release.ActiveCfg = Release|Win32
		{118C0047-C6AC-419C-A02A-CBC425C32DF8}.ReleaseSSE2.ActiveCfg = ReleaseSSE2|Win32
		{E4EAF386-BD64-4CD7-B778-F46FC3F9537B}.Debug.ActiveCfg = Debug|Win32
		{E4EAF386-BD64-4CD7-B778-F46FC3F9537B}.Release.ActiveCfg = Release|Win32
		{E4EAF386-BD64-4CD7-B778-F46FC3F9537B}.ReleaseSSE2.ActiveCfg = ReleaseSSE2|Win32
		{AE957788-6000-46AD-A2D0-6A195CB40206}.Debug.ActiveCfg = Debug|Win32
		{AE957788-6000-46AD-A2D0-6A195CB40206}.Debug.Build.0 = Debug|Win32
		{AE957788-6000-46AD-A2D0-6A195CB40206}.Release.ActiveCfg = Release|Win32
		{AE957788-6000-46AD-A2D0-6A195CB40206}.Release.Build.0 = Release|Win32
		{AE957788-6000-46AD-A2D0-6A195CB40206}.ReleaseSSE2.ActiveCfg = ReleaseSSE2|Win32
		{AE957788-6000-46AD-A2D0-6A195CB40206}.ReleaseSSE2.Build.0 = ReleaseSSE2|Win32
		{0DBDF8CD-317B-4276-972C-F4C6213B7EFC}.Debug.ActiveCfg = Debug|Win32
		{0DBDF8CD-317B-4276-972C-F4C6213B7EFC}.Debug.Build.0 = Debug|Win32
		{0DBDF8CD-317B-4276-972C-F4C6213B7EFC}.Release.ActiveCfg = Release|Win32
		{0DBDF8CD-317B-4276-972C-F4C6213B7EFC}.Release.Build.0 = Release|Win32
		{0DBDF8CD-317B-4276-972C-F4C6213B7EFC}.ReleaseSSE2.ActiveCfg = ReleaseSSE2|Win32
		{0DBDF8CD-317B-4276-972C-F4C6213B7EFC}.ReleaseSSE2.Build.0 = ReleaseSSE2|Win32
		{1B6CA6DD-470B-447E-BD88-ED43F9392A4F}.Debug.ActiveCfg = Debug|Win32
		{1B6CA6DD-470B-447E-BD88-ED43F9392A4F}.Debug.Build.0 = Debug|Win32
		{1B6CA6DD-470B-447E-BD88-ED43F9392A4F}.Release.ActiveCfg = Release|Win32
		{1B6CA6DD-470B-447E-BD88-ED43F9392A4F}.Release.Build.0 = Release|Win32
		{1B6CA6DD-470B-447E-BD88-ED43F9392A4F}.ReleaseSSE2.ActiveCfg = ReleaseSSE2|Win32
		{1B6CA6DD-470B-447E-BD88-ED43F9392A4F}.ReleaseSSE2.Build.0 = ReleaseSSE2|Win32
		{9F68BB3D-8D96-4B1B-B306-C3643BCCF832}.Debug.ActiveCfg = Debug|Win32
		{9F68BB3D-8D96-4B1B-B306-C3643BCCF832}.Debug.Build.0 = Debug|Win32
		{9F68BB3D-8D96-4B1B-B306-C3643BCCF832}.Release.ActiveCfg = Release|Win32
		{9F68BB3D-8D96-4B1B-B306-C3643BCCF832}.Release.Build.0 = Release|Win32
		{9F68BB3D-8D96-4B1B-B306-C3643BCCF832}.ReleaseSSE2.ActiveCfg = ReleaseSSE2|Win32
		{9F68BB3D-8D96-4B1B-B306-C3643BCCF832}.ReleaseSSE2.Build.0 = ReleaseSSE2|Win32
		{0583E915-3605-4183-8FB1-B07D019CF86B}.Debug.ActiveCfg = Debug|Win32
		{0583E915-3605-4183-8FB1-B07D019CF86B}.Debug.Build.0 = Debug|Win32
		{0583E915-3605-4183-8FB1-B07D019CF86B}.Release.ActiveCfg = Release|Win32
		{0583E915-3605-4183-8FB1-B07D019CF86B}.Release.Build.0 = Release|Win32
		{0583E915-3605-4183-8FB1-B07D019CF86B}.ReleaseSSE2.ActiveCfg = ReleaseSSE2|Win32
		{0583E915-3605-4183-8FB1-B07D019CF86B}.ReleaseSSE2.Build.0 = ReleaseSSE2|Win32
		{91F5A961-4CBA-4396-8B56-C4C23129B0AF}.Debug.ActiveCfg = Debug|Win32
		{91F5A961-4CBA-4396-8B56-C4C23129B0AF}.Debug.Build.0 = Debug|Win32
		{91F5A961-4CBA-4396-8B56-C4C23129B0AF}.Release.ActiveCfg = Release|Win32
		{91F5A961-4CBA-4396-8B56-C4C23129B0AF}.Release.Build.0 = Release|Win32
		{91F5A961-4CBA-4396-8B56-C4C23129B0AF}.ReleaseSSE2.ActiveCfg = ReleaseSSE2|Win32
		{91F5A961-4CBA-4396-8B56-C4C23129B0AF}.ReleaseSSE2.Build.0 = ReleaseSSE2|Win32
		{7F400769-5291-469C-96F9-D77CC7F5AAAD}.Debug.ActiveCfg = Debug|Win32
		{7F400769-5291-469C-96F9-D77CC7F5AAAD}.Debug.Build.0 = Debug|Win32
		{7F400769-5291-469C-96F9-D77CC7F5AAAD}.Release.ActiveCfg = Release|Win32
		{7F400769-5291-469C-96F9-D77CC7F5AAAD}.Release.Build.0 = Release|Win32
		{7F400769-5291-469C-96F9-D77CC7F5AAAD}.ReleaseSSE2.ActiveCfg = ReleaseSSE2|Win32
		{7F400769-5291-469C-96F9-D77CC7F5AAAD}.ReleaseSSE2.Build.0 = ReleaseSSE2|Win32
	EndGlobalSection
	GlobalSection(ExtensibilityGlobals) = postSolution
	EndGlobalSection
	GlobalSection(ExtensibilityAddIns) = postSolution
	EndGlobalSection
EndGlobal
