Microsoft Visual Studio Solution File, Format Version 9.00
# Visual Studio 2005
Project("{8BC9CEB8-8B4A-11D0-8D11-00A0C91BC942}") = "CxImage", "cximage\cximage_vs8.vcproj", "{3C5D5D12-45C5-4F29-B695-A5435BEBB404}"
EndProject
Project("{8BC9CEB8-8B4A-11D0-8D11-00A0C91BC942}") = "CxImageCrtDll", "CxImage\CxImageDLL\CxImageCrtDll_vs8.vcproj", "{5B433B5D-B37E-43D5-9172-1104A11577A9}"
	ProjectSection(ProjectDependencies) = postProject
		{0583E915-3605-4183-8FB1-B07D019CF86B} = {0583E915-3605-4183-8FB1-B07D019CF86B}
		{9F68BB3D-8D96-4B1B-B306-C3643BCCF832} = {9F68BB3D-8D96-4B1B-B306-C3643BCCF832}
		{91F5A961-4CBA-4396-8B56-C4C23129B0AF} = {91F5A961-4CBA-4396-8B56-C4C23129B0AF}
		{7F400769-5291-469C-96F9-D77CC7F5AAAD} = {7F400769-5291-469C-96F9-D77CC7F5AAAD}
		{AE957788-6000-46AD-A2D0-6A195CB40206} = {AE957788-6000-46AD-A2D0-6A195CB40206}
		{0DBDF8CD-317B-4276-972C-F4C6213B7EFC} = {0DBDF8CD-317B-4276-972C-F4C6213B7EFC}
		{1B6CA6DD-470B-447E-BD88-ED43F9392A4F} = {1B6CA6DD-470B-447E-BD88-ED43F9392A4F}
	EndProjectSection
EndProject
Project("{8BC9CEB8-8B4A-11D0-8D11-00A0C91BC942}") = "CxImageMfcDll", "CxImage\CxImageDLL\cximagemfcdll_vs8.vcproj", "{01E38C09-06C1-428F-819A-55C95758325F}"
	ProjectSection(ProjectDependencies) = postProject
		{0583E915-3605-4183-8FB1-B07D019CF86B} = {0583E915-3605-4183-8FB1-B07D019CF86B}
		{9F68BB3D-8D96-4B1B-B306-C3643BCCF832} = {9F68BB3D-8D96-4B1B-B306-C3643BCCF832}
		{91F5A961-4CBA-4396-8B56-C4C23129B0AF} = {91F5A961-4CBA-4396-8B56-C4C23129B0AF}
		{7F400769-5291-469C-96F9-D77CC7F5AAAD} = {7F400769-5291-469C-96F9-D77CC7F5AAAD}
		{AE957788-6000-46AD-A2D0-6A195CB40206} = {AE957788-6000-46AD-A2D0-6A195CB40206}
		{0DBDF8CD-317B-4276-972C-F4C6213B7EFC} = {0DBDF8CD-317B-4276-972C-F4C6213B7EFC}
		{1B6CA6DD-470B-447E-BD88-ED43F9392A4F} = {1B6CA6DD-470B-447E-BD88-ED43F9392A4F}
	EndProjectSection
EndProject
Project("{8BC9CEB8-8B4A-11D0-8D11-00A0C91BC942}") = "demo", "demo\demo_vs8.vcproj", "{118C0047-C6AC-419C-A02A-CBC425C32DF8}"
	ProjectSection(ProjectDependencies) = postProject
		{3C5D5D12-45C5-4F29-B695-A5435BEBB404} = {3C5D5D12-45C5-4F29-B695-A5435BEBB404}
		{0583E915-3605-4183-8FB1-B07D019CF86B} = {0583E915-3605-4183-8FB1-B07D019CF86B}
		{9F68BB3D-8D96-4B1B-B306-C3643BCCF832} = {9F68BB3D-8D96-4B1B-B306-C3643BCCF832}
		{91F5A961-4CBA-4396-8B56-C4C23129B0AF} = {91F5A961-4CBA-4396-8B56-C4C23129B0AF}
		{7F400769-5291-469C-96F9-D77CC7F5AAAD} = {7F400769-5291-469C-96F9-D77CC7F5AAAD}
		{AE957788-6000-46AD-A2D0-6A195CB40206} = {AE957788-6000-46AD-A2D0-6A195CB40206}
		{0DBDF8CD-317B-4276-972C-F4C6213B7EFC} = {0DBDF8CD-317B-4276-972C-F4C6213B7EFC}
		{1B6CA6DD-470B-447E-BD88-ED43F9392A4F} = {1B6CA6DD-470B-447E-BD88-ED43F9392A4F}
	EndProjectSection
EndProject
Project("{8BC9CEB8-8B4A-11D0-8D11-00A0C91BC942}") = "demoDll", "demo\demoDLL_vs8.vcproj", "{E4EAF386-BD64-4CD7-B778-F46FC3F9537B}"
	ProjectSection(ProjectDependencies) = postProject
		{5B433B5D-B37E-43D5-9172-1104A11577A9} = {5B433B5D-B37E-43D5-9172-1104A11577A9}
	EndProjectSection
EndProject
Project("{8BC9CEB8-8B4A-11D0-8D11-00A0C91BC942}") = "j2k", "j2k\j2k_vs8.vcproj", "{AE957788-6000-46AD-A2D0-6A195CB40206}"
EndProject
Project("{8BC9CEB8-8B4A-11D0-8D11-00A0C91BC942}") = "jasper", "jasper\jasper_vs8.vcproj", "{0DBDF8CD-317B-4276-972C-F4C6213B7EFC}"
EndProject
Project("{8BC9CEB8-8B4A-11D0-8D11-00A0C91BC942}") = "jbig", "jbig\jbig_vs8.vcproj", "{1B6CA6DD-470B-447E-BD88-ED43F9392A4F}"
EndProject
Project("{8BC9CEB8-8B4A-11D0-8D11-00A0C91BC942}") = "jpeg", "jpeg\Jpeg_vs8.vcproj", "{9F68BB3D-8D96-4B1B-B306-C3643BCCF832}"
EndProject
Project("{8BC9CEB8-8B4A-11D0-8D11-00A0C91BC942}") = "png", "png\png_vs8.vcproj", "{0583E915-3605-4183-8FB1-B07D019CF86B}"
EndProject
Project("{8BC9CEB8-8B4A-11D0-8D11-00A0C91BC942}") = "tiff", "tiff\Tiff_vs8.vcproj", "{91F5A961-4CBA-4396-8B56-C4C23129B0AF}"
EndProject
Project("{8BC9CEB8-8B4A-11D0-8D11-00A0C91BC942}") = "zlib", "zlib\zlib_vs8.vcproj", "{7F400769-5291-469C-96F9-D77CC7F5AAAD}"
EndProject
Global
	GlobalSection(SolutionConfigurationPlatforms) = preSolution
		Debug|Win32 = Debug|Win32
		Release|Win32 = Release|Win32
		ReleaseSSE2|Win32 = ReleaseSSE2|Win32
	EndGlobalSection
	GlobalSection(ProjectConfigurationPlatforms) = postSolution
		{3C5D5D12-45C5-4F29-B695-A5435BEBB404}.Debug|Win32.ActiveCfg = Debug|Win32
		{3C5D5D12-45C5-4F29-B695-A5435BEBB404}.Debug|Win32.Build.0 = Debug|Win32
		{3C5D5D12-45C5-4F29-B695-A5435BEBB404}.Release|Win32.ActiveCfg = Release|Win32
		{3C5D5D12-45C5-4F29-B695-A5435BEBB404}.Release|Win32.Build.0 = Release|Win32
		{3C5D5D12-45C5-4F29-B695-A5435BEBB404}.ReleaseSSE2|Win32.ActiveCfg = ReleaseSSE2|Win32
		{3C5D5D12-45C5-4F29-B695-A5435BEBB404}.ReleaseSSE2|Win32.Build.0 = ReleaseSSE2|Win32
		{5B433B5D-B37E-43D5-9172-1104A11577A9}.Debug|Win32.ActiveCfg = Debug|Win32
		{5B433B5D-B37E-43D5-9172-1104A11577A9}.Release|Win32.ActiveCfg = Release|Win32
		{5B433B5D-B37E-43D5-9172-1104A11577A9}.ReleaseSSE2|Win32.ActiveCfg = ReleaseSSE2|Win32
		{01E38C09-06C1-428F-819A-55C95758325F}.Debug|Win32.ActiveCfg = Debug|Win32
		{01E38C09-06C1-428F-819A-55C95758325F}.Release|Win32.ActiveCfg = Release|Win32
		{01E38C09-06C1-428F-819A-55C95758325F}.ReleaseSSE2|Win32.ActiveCfg = ReleaseSSE2|Win32
		{118C0047-C6AC-419C-A02A-CBC425C32DF8}.Debug|Win32.ActiveCfg = Debug|Win32
		{118C0047-C6AC-419C-A02A-CBC425C32DF8}.Release|Win32.ActiveCfg = Release|Win32
		{118C0047-C6AC-419C-A02A-CBC425C32DF8}.ReleaseSSE2|Win32.ActiveCfg = ReleaseSSE2|Win32
		{E4EAF386-BD64-4CD7-B778-F46FC3F9537B}.Debug|Win32.ActiveCfg = Debug|Win32
		{E4EAF386-BD64-4CD7-B778-F46FC3F9537B}.Release|Win32.ActiveCfg = Release|Win32
		{E4EAF386-BD64-4CD7-B778-F46FC3F9537B}.ReleaseSSE2|Win32.ActiveCfg = ReleaseSSE2|Win32
		{AE957788-6000-46AD-A2D0-6A195CB40206}.Debug|Win32.ActiveCfg = Debug|Win32
		{AE957788-6000-46AD-A2D0-6A195CB40206}.Debug|Win32.Build.0 = Debug|Win32
		{AE957788-6000-46AD-A2D0-6A195CB40206}.Release|Win32.ActiveCfg = Release|Win32
		{AE957788-6000-46AD-A2D0-6A195CB40206}.Release|Win32.Build.0 = Release|Win32
		{AE957788-6000-46AD-A2D0-6A195CB40206}.ReleaseSSE2|Win32.ActiveCfg = ReleaseSSE2|Win32
		{AE957788-6000-46AD-A2D0-6A195CB40206}.ReleaseSSE2|Win32.Build.0 = ReleaseSSE2|Win32
		{0DBDF8CD-317B-4276-972C-F4C6213B7EFC}.Debug|Win32.ActiveCfg = Debug|Win32
		{0DBDF8CD-317B-4276-972C-F4C6213B7EFC}.Debug|Win32.Build.0 = Debug|Win32
		{0DBDF8CD-317B-4276-972C-F4C6213B7EFC}.Release|Win32.ActiveCfg = Release|Win32
		{0DBDF8CD-317B-4276-972C-F4C6213B7EFC}.Release|Win32.Build.0 = Release|Win32
		{0DBDF8CD-317B-4276-972C-F4C6213B7EFC}.ReleaseSSE2|Win32.ActiveCfg = ReleaseSSE2|Win32
		{0DBDF8CD-317B-4276-972C-F4C6213B7EFC}.ReleaseSSE2|Win32.Build.0 = ReleaseSSE2|Win32
		{1B6CA6DD-470B-447E-BD88-ED43F9392A4F}.Debug|Win32.ActiveCfg = Debug|Win32
		{1B6CA6DD-470B-447E-BD88-ED43F9392A4F}.Debug|Win32.Build.0 = Debug|Win32
		{1B6CA6DD-470B-447E-BD88-ED43F9392A4F}.Release|Win32.ActiveCfg = Release|Win32
		{1B6CA6DD-470B-447E-BD88-ED43F9392A4F}.Release|Win32.Build.0 = Release|Win32
		{1B6CA6DD-470B-447E-BD88-ED43F9392A4F}.ReleaseSSE2|Win32.ActiveCfg = ReleaseSSE2|Win32
		{1B6CA6DD-470B-447E-BD88-ED43F9392A4F}.ReleaseSSE2|Win32.Build.0 = ReleaseSSE2|Win32
		{9F68BB3D-8D96-4B1B-B306-C3643BCCF832}.Debug|Win32.ActiveCfg = Debug|Win32
		{9F68BB3D-8D96-4B1B-B306-C3643BCCF832}.Debug|Win32.Build.0 = Debug|Win32
		{9F68BB3D-8D96-4B1B-B306-C3643BCCF832}.Release|Win32.ActiveCfg = Release|Win32
		{9F68BB3D-8D96-4B1B-B306-C3643BCCF832}.Release|Win32.Build.0 = Release|Win32
		{9F68BB3D-8D96-4B1B-B306-C3643BCCF832}.ReleaseSSE2|Win32.ActiveCfg = ReleaseSSE2|Win32
		{9F68BB3D-8D96-4B1B-B306-C3643BCCF832}.ReleaseSSE2|Win32.Build.0 = ReleaseSSE2|Win32
		{0583E915-3605-4183-8FB1-B07D019CF86B}.Debug|Win32.ActiveCfg = Debug|Win32
		{0583E915-3605-4183-8FB1-B07D019CF86B}.Debug|Win32.Build.0 = Debug|Win32
		{0583E915-3605-4183-8FB1-B07D019CF86B}.Release|Win32.ActiveCfg = Release|Win32
		{0583E915-3605-4183-8FB1-B07D019CF86B}.Release|Win32.Build.0 = Release|Win32
		{0583E915-3605-4183-8FB1-B07D019CF86B}.ReleaseSSE2|Win32.ActiveCfg = ReleaseSSE2|Win32
		{0583E915-3605-4183-8FB1-B07D019CF86B}.ReleaseSSE2|Win32.Build.0 = ReleaseSSE2|Win32
		{91F5A961-4CBA-4396-8B56-C4C23129B0AF}.Debug|Win32.ActiveCfg = Debug|Win32
		{91F5A961-4CBA-4396-8B56-C4C23129B0AF}.Debug|Win32.Build.0 = Debug|Win32
		{91F5A961-4CBA-4396-8B56-C4C23129B0AF}.Release|Win32.ActiveCfg = Release|Win32
		{91F5A961-4CBA-4396-8B56-C4C23129B0AF}.Release|Win32.Build.0 = Release|Win32
		{91F5A961-4CBA-4396-8B56-C4C23129B0AF}.ReleaseSSE2|Win32.ActiveCfg = ReleaseSSE2|Win32
		{91F5A961-4CBA-4396-8B56-C4C23129B0AF}.ReleaseSSE2|Win32.Build.0 = ReleaseSSE2|Win32
		{7F400769-5291-469C-96F9-D77CC7F5AAAD}.Debug|Win32.ActiveCfg = Debug|Win32
		{7F400769-5291-469C-96F9-D77CC7F5AAAD}.Debug|Win32.Build.0 = Debug|Win32
		{7F400769-5291-469C-96F9-D77CC7F5AAAD}.Release|Win32.ActiveCfg = Release|Win32
		{7F400769-5291-469C-96F9-D77CC7F5AAAD}.Release|Win32.Build.0 = Release|Win32
		{7F400769-5291-469C-96F9-D77CC7F5AAAD}.ReleaseSSE2|Win32.ActiveCfg = ReleaseSSE2|Win32
		{7F400769-5291-469C-96F9-D77CC7F5AAAD}.ReleaseSSE2|Win32.Build.0 = ReleaseSSE2|Win32
	EndGlobalSection
	GlobalSection(SolutionProperties) = preSolution
		HideSolutionNode = FALSE
	EndGlobalSection
EndGlobal
